
Microsoft Visual Studio Solution File, Format Version 12.00
# Visual Studio Version 16
VisualStudioVersion = 16.0.30517.126
MinimumVisualStudioVersion = 10.0.40219.1
Project("{FAE04EC0-301F-11D3-BF4B-00C04F79EFBC}") = "Tic_Tac_Toe", "Tic_Tac_Toe\Tic_Tac_Toe.csproj", "{98F9CDEF-C90F-4858-8F49-036043D02075}"
EndProject
Global
	GlobalSection(SolutionConfigurationPlatforms) = preSolution
		Debug|Any CPU = Debug|Any CPU
		Release|Any CPU = Release|Any CPU
	EndGlobalSection
	GlobalSection(ProjectConfigurationPlatforms) = postSolution
		{98F9CDEF-C90F-4858-8F49-036043D02075}.Debug|Any CPU.ActiveCfg = Debug|Any CPU
		{98F9CDEF-C90F-4858-8F49-036043D02075}.Debug|Any CPU.Build.0 = Debug|Any CPU
		{98F9CDEF-C90F-4858-8F49-036043D02075}.Release|Any CPU.ActiveCfg = Release|Any CPU
		{98F9CDEF-C90F-4858-8F49-036043D02075}.Release|Any CPU.Build.0 = Release|Any CPU
	EndGlobalSection
	GlobalSection(SolutionProperties) = preSolution
		HideSolutionNode = FALSE
	EndGlobalSection
	GlobalSection(ExtensibilityGlobals) = postSolution
		SolutionGuid = {F3166810-D41E-4653-8B56-2F90F3871350}
	EndGlobalSection
EndGlobal
